
Microsoft Visual Studio Solution File, Format Version 12.00
# Visual Studio 14
VisualStudioVersion = 14.0.25420.1
MinimumVisualStudioVersion = 10.0.40219.1
Project("{FAE04EC0-301F-11D3-BF4B-00C04F79EFBC}") = "UI", "UI\UI.csproj", "{B8FB7261-B101-42CC-81B9-C98B1562D832}"
EndProject
Project("{FAE04EC0-301F-11D3-BF4B-00C04F79EFBC}") = "Entities", "Entities\Entities.csproj", "{4698F17E-E294-4E74-9A4B-BBCCABEBB031}"
EndProject
Project("{FAE04EC0-301F-11D3-BF4B-00C04F79EFBC}") = "BLL", "BLL\BLL.csproj", "{4130D37C-6296-490B-A8DF-95DC34914CCB}"
EndProject
Project("{FAE04EC0-301F-11D3-BF4B-00C04F79EFBC}") = "DAL", "DAL\DAL.csproj", "{C4AFE9A7-7084-48B6-9C26-CF9508EF7B23}"
EndProject
Global
	GlobalSection(SolutionConfigurationPlatforms) = preSolution
		Debug|Any CPU = Debug|Any CPU
		Release|Any CPU = Release|Any CPU
	EndGlobalSection
	GlobalSection(ProjectConfigurationPlatforms) = postSolution
		{B8FB7261-B101-42CC-81B9-C98B1562D832}.Debug|Any CPU.ActiveCfg = Debug|Any CPU
		{B8FB7261-B101-42CC-81B9-C98B1562D832}.Debug|Any CPU.Build.0 = Debug|Any CPU
		{B8FB7261-B101-42CC-81B9-C98B1562D832}.Release|Any CPU.ActiveCfg = Release|Any CPU
		{B8FB7261-B101-42CC-81B9-C98B1562D832}.Release|Any CPU.Build.0 = Release|Any CPU
		{4698F17E-E294-4E74-9A4B-BBCCABEBB031}.Debug|Any CPU.ActiveCfg = Debug|Any CPU
		{4698F17E-E294-4E74-9A4B-BBCCABEBB031}.Debug|Any CPU.Build.0 = Debug|Any CPU
		{4698F17E-E294-4E74-9A4B-BBCCABEBB031}.Release|Any CPU.ActiveCfg = Release|Any CPU
		{4698F17E-E294-4E74-9A4B-BBCCABEBB031}.Release|Any CPU.Build.0 = Release|Any CPU
		{4130D37C-6296-490B-A8DF-95DC34914CCB}.Debug|Any CPU.ActiveCfg = Debug|Any CPU
		{4130D37C-6296-490B-A8DF-95DC34914CCB}.Debug|Any CPU.Build.0 = Debug|Any CPU
		{4130D37C-6296-490B-A8DF-95DC34914CCB}.Release|Any CPU.ActiveCfg = Release|Any CPU
		{4130D37C-6296-490B-A8DF-95DC34914CCB}.Release|Any CPU.Build.0 = Release|Any CPU
		{C4AFE9A7-7084-48B6-9C26-CF9508EF7B23}.Debug|Any CPU.ActiveCfg = Debug|Any CPU
		{C4AFE9A7-7084-48B6-9C26-CF9508EF7B23}.Debug|Any CPU.Build.0 = Debug|Any CPU
		{C4AFE9A7-7084-48B6-9C26-CF9508EF7B23}.Release|Any CPU.ActiveCfg = Release|Any CPU
		{C4AFE9A7-7084-48B6-9C26-CF9508EF7B23}.Release|Any CPU.Build.0 = Release|Any CPU
	EndGlobalSection
	GlobalSection(SolutionProperties) = preSolution
		HideSolutionNode = FALSE
	EndGlobalSection
EndGlobal
